{
  "name": "Pier-X",
  "lockfileVersion": 3,
  "requires": true,
  "packages": {
    "": {
      "dependencies": {
        "@fontsource/ibm-plex-mono": "^5.2.7",
        "@fontsource/ibm-plex-sans": "^5.2.8",
        "@fontsource/ibm-plex-serif": "^5.2.7"
      }
    },
    "node_modules/@fontsource/ibm-plex-mono": {
      "version": "5.2.7",
      "resolved": "https://registry.npmjs.org/@fontsource/ibm-plex-mono/-/ibm-plex-mono-5.2.7.tgz",
      "integrity": "sha512-MKAb8qV+CaiMQn2B0dIi1OV3565NYzp3WN5b4oT6LTkk+F0jR6j0ZN+5BKJiIhffDC3rtBULsYZE65+0018z9w==",
      "license": "OFL-1.1",
      "funding": {
        "url": "https://github.com/sponsors/ayuhito"
      }
    },
    "node_modules/@fontsource/ibm-plex-sans": {
      "version": "5.2.8",
      "resolved": "https://registry.npmjs.org/@fontsource/ibm-plex-sans/-/ibm-plex-sans-5.2.8.tgz",
      "integrity": "sha512-eztSXjDhPhcpxNIiGTgMebdLP9qS4rWkysuE1V7c+DjOR0qiezaiDaTwQE7bTnG5HxAY/8M43XKDvs3cYq6ZYQ==",
      "license": "OFL-1.1",
      "funding": {
        "url": "https://github.com/sponsors/ayuhito"
      }
    },
    "node_modules/@fontsource/ibm-plex-serif": {
      "version": "5.2.7",
      "resolved": "https://registry.npmjs.org/@fontsource/ibm-plex-serif/-/ibm-plex-serif-5.2.7.tgz",
      "integrity": "sha512-04owmc2OQQ/DAMjXjEMJc+7V4dBVmR01aIFOg4cuqS8pQ4HbvtlYs/u6+O0vCt21EMx5M/azIbgx43iKyisEOA==",
      "license": "OFL-1.1",
      "funding": {
        "url": "https://github.com/sponsors/ayuhito"
      }
    }
  }
}
